
Microsoft Visual Studio Solution File, Format Version 12.00
# Visual Studio Version 16
VisualStudioVersion = 16.0.31702.278
MinimumVisualStudioVersion = 10.0.40219.1
Project("{9A19103F-16F7-4668-BE54-9A1E7A4F7556}") = "MwiInterview.AchToggle.App", "MwiInterview.AchToggle.App\MwiInterview.AchToggle.App.csproj", "{DE57EAF6-AC61-42F7-9079-7E058B195D4F}"
EndProject
Project("{2150E333-8FDC-42A3-9474-1A3956D46DE8}") = "Solution Items", "Solution Items", "{23FF62CF-924D-4F69-BDE4-DB2E27A8B38B}"
	ProjectSection(SolutionItems) = preProject
		README.md = README.md
	EndProjectSection
EndProject
Global
	GlobalSection(SolutionConfigurationPlatforms) = preSolution
		Debug|Any CPU = Debug|Any CPU
		Release|Any CPU = Release|Any CPU
	EndGlobalSection
	GlobalSection(ProjectConfigurationPlatforms) = postSolution
		{DE57EAF6-AC61-42F7-9079-7E058B195D4F}.Debug|Any CPU.ActiveCfg = Debug|Any CPU
		{DE57EAF6-AC61-42F7-9079-7E058B195D4F}.Debug|Any CPU.Build.0 = Debug|Any CPU
		{DE57EAF6-AC61-42F7-9079-7E058B195D4F}.Release|Any CPU.ActiveCfg = Release|Any CPU
		{DE57EAF6-AC61-42F7-9079-7E058B195D4F}.Release|Any CPU.Build.0 = Release|Any CPU
	EndGlobalSection
	GlobalSection(SolutionProperties) = preSolution
		HideSolutionNode = FALSE
	EndGlobalSection
	GlobalSection(ExtensibilityGlobals) = postSolution
		SolutionGuid = {36204354-4A11-40F5-9819-BC6A282208A4}
	EndGlobalSection
EndGlobal
